
Microsoft Visual Studio Solution File, Format Version 12.00
# Visual Studio Version 17
VisualStudioVersion = 17.14.36408.4 d17.14
MinimumVisualStudioVersion = 10.0.40219.1
Project("{FAE04EC0-301F-11D3-BF4B-00C04F79EFBC}") = "DateFormat", "DateFormat\DateFormat.csproj", "{464B4A01-2B70-42D0-BB01-E0A193277FB8}"
EndProject
Project("{FAE04EC0-301F-11D3-BF4B-00C04F79EFBC}") = "DateFormatTest", "DateFormatTest\DateFormatTest.csproj", "{099705BC-4759-4192-86B1-2C8A828C334F}"
EndProject
Global
	GlobalSection(SolutionConfigurationPlatforms) = preSolution
		Debug|Any CPU = Debug|Any CPU
		Release|Any CPU = Release|Any CPU
	EndGlobalSection
	GlobalSection(ProjectConfigurationPlatforms) = postSolution
		{464B4A01-2B70-42D0-BB01-E0A193277FB8}.Debug|Any CPU.ActiveCfg = Debug|Any CPU
		{464B4A01-2B70-42D0-BB01-E0A193277FB8}.Debug|Any CPU.Build.0 = Debug|Any CPU
		{464B4A01-2B70-42D0-BB01-E0A193277FB8}.Release|Any CPU.ActiveCfg = Release|Any CPU
		{464B4A01-2B70-42D0-BB01-E0A193277FB8}.Release|Any CPU.Build.0 = Release|Any CPU
		{099705BC-4759-4192-86B1-2C8A828C334F}.Debug|Any CPU.ActiveCfg = Debug|Any CPU
		{099705BC-4759-4192-86B1-2C8A828C334F}.Debug|Any CPU.Build.0 = Debug|Any CPU
		{099705BC-4759-4192-86B1-2C8A828C334F}.Release|Any CPU.ActiveCfg = Release|Any CPU
		{099705BC-4759-4192-86B1-2C8A828C334F}.Release|Any CPU.Build.0 = Release|Any CPU
	EndGlobalSection
	GlobalSection(SolutionProperties) = preSolution
		HideSolutionNode = FALSE
	EndGlobalSection
	GlobalSection(ExtensibilityGlobals) = postSolution
		SolutionGuid = {ADCBDD82-B743-4C83-B76E-FA1F618B972F}
	EndGlobalSection
EndGlobal
