
Microsoft Visual Studio Solution File, Format Version 12.00
# Visual Studio Version 17
VisualStudioVersion = 17.14.36408.4 d17.14
MinimumVisualStudioVersion = 10.0.40219.1
Project("{FAE04EC0-301F-11D3-BF4B-00C04F79EFBC}") = "DirectoryZuIndex", "DirectoryZuIndex\DirectoryZuIndex.csproj", "{B3D3262E-9806-4E36-800B-C6834049101D}"
EndProject
Global
	GlobalSection(SolutionConfigurationPlatforms) = preSolution
		Debug|Any CPU = Debug|Any CPU
		Release|Any CPU = Release|Any CPU
	EndGlobalSection
	GlobalSection(ProjectConfigurationPlatforms) = postSolution
		{B3D3262E-9806-4E36-800B-C6834049101D}.Debug|Any CPU.ActiveCfg = Debug|Any CPU
		{B3D3262E-9806-4E36-800B-C6834049101D}.Debug|Any CPU.Build.0 = Debug|Any CPU
		{B3D3262E-9806-4E36-800B-C6834049101D}.Release|Any CPU.ActiveCfg = Release|Any CPU
		{B3D3262E-9806-4E36-800B-C6834049101D}.Release|Any CPU.Build.0 = Release|Any CPU
	EndGlobalSection
	GlobalSection(SolutionProperties) = preSolution
		HideSolutionNode = FALSE
	EndGlobalSection
	GlobalSection(ExtensibilityGlobals) = postSolution
		SolutionGuid = {8C9E8223-29D0-4CCA-87CF-B8529E3299C9}
	EndGlobalSection
EndGlobal
