
Microsoft Visual Studio Solution File, Format Version 12.00
# Visual Studio Version 17
VisualStudioVersion = 17.14.36408.4 d17.14
MinimumVisualStudioVersion = 10.0.40219.1
Project("{FAE04EC0-301F-11D3-BF4B-00C04F79EFBC}") = "IBAN_Berechnung", "IBAN_Berechnung\IBAN_Berechnung.csproj", "{8ABEB0BF-6AF6-4775-942B-1555D7367337}"
EndProject
Project("{FAE04EC0-301F-11D3-BF4B-00C04F79EFBC}") = "IBAN_BerechnungTest", "IBAN_BerechnungTest\IBAN_BerechnungTest.csproj", "{7A2C15CD-1CBC-4E66-9AEA-BDE359C09089}"
EndProject
Global
	GlobalSection(SolutionConfigurationPlatforms) = preSolution
		Debug|Any CPU = Debug|Any CPU
		Release|Any CPU = Release|Any CPU
	EndGlobalSection
	GlobalSection(ProjectConfigurationPlatforms) = postSolution
		{8ABEB0BF-6AF6-4775-942B-1555D7367337}.Debug|Any CPU.ActiveCfg = Debug|Any CPU
		{8ABEB0BF-6AF6-4775-942B-1555D7367337}.Debug|Any CPU.Build.0 = Debug|Any CPU
		{8ABEB0BF-6AF6-4775-942B-1555D7367337}.Release|Any CPU.ActiveCfg = Release|Any CPU
		{8ABEB0BF-6AF6-4775-942B-1555D7367337}.Release|Any CPU.Build.0 = Release|Any CPU
		{7A2C15CD-1CBC-4E66-9AEA-BDE359C09089}.Debug|Any CPU.ActiveCfg = Debug|Any CPU
		{7A2C15CD-1CBC-4E66-9AEA-BDE359C09089}.Debug|Any CPU.Build.0 = Debug|Any CPU
		{7A2C15CD-1CBC-4E66-9AEA-BDE359C09089}.Release|Any CPU.ActiveCfg = Release|Any CPU
		{7A2C15CD-1CBC-4E66-9AEA-BDE359C09089}.Release|Any CPU.Build.0 = Release|Any CPU
	EndGlobalSection
	GlobalSection(SolutionProperties) = preSolution
		HideSolutionNode = FALSE
	EndGlobalSection
	GlobalSection(ExtensibilityGlobals) = postSolution
		SolutionGuid = {5E489987-D7FB-4D1E-89C0-EEA14A1785AF}
	EndGlobalSection
EndGlobal
