
Microsoft Visual Studio Solution File, Format Version 12.00
# Visual Studio Version 17
VisualStudioVersion = 17.14.36408.4
MinimumVisualStudioVersion = 10.0.40219.1
Project("{FAE04EC0-301F-11D3-BF4B-00C04F79EFBC}") = "DateFormat", "..\DateFormat\DateFormat\DateFormat.csproj", "{E8AFC438-CA63-E7F4-3324-1A03DE7513C3}"
EndProject
Project("{FAE04EC0-301F-11D3-BF4B-00C04F79EFBC}") = "IBAN_Berechnung", "..\IBAN_Berechnung\IBAN_Berechnung\IBAN_Berechnung.csproj", "{D98BB0FE-B889-C3E5-83EF-DC1AD0D26795}"
EndProject
Project("{FAE04EC0-301F-11D3-BF4B-00C04F79EFBC}") = "Inheritance", "..\Inheritance\Inheritance\Inheritance.csproj", "{51E16C9C-3321-B18E-D40F-4DBFBD897E0E}"
EndProject
Project("{FAE04EC0-301F-11D3-BF4B-00C04F79EFBC}") = "DateFormatTest", "..\DateFormat\DateFormatTest\DateFormatTest.csproj", "{70DFB680-A747-5826-9F5F-A32811F64E6D}"
EndProject
Project("{FAE04EC0-301F-11D3-BF4B-00C04F79EFBC}") = "IBAN_BerechnungTest", "..\IBAN_Berechnung\IBAN_BerechnungTest\IBAN_BerechnungTest.csproj", "{3C3F266B-ACE9-240E-E065-4734B99E6B2B}"
EndProject
Project("{FAE04EC0-301F-11D3-BF4B-00C04F79EFBC}") = "InheritanceTest", "..\Inheritance\InheritanceTest\InheritanceTest.csproj", "{F12B4C9A-468F-A39B-AD25-C037BB481E62}"
EndProject
Project("{FAE04EC0-301F-11D3-BF4B-00C04F79EFBC}") = "DictionaryZuIndex", "DictionaryZuIndex\DictionaryZuIndex.csproj", "{6A34CA9C-FAC6-4390-9BDF-F1CA9E5A25FE}"
EndProject
Project("{FAE04EC0-301F-11D3-BF4B-00C04F79EFBC}") = "DictionaryZuIndexTest", "DictionaryZuIndexTest\DictionaryZuIndexTest.csproj", "{FC2E816B-46A9-495D-AEED-3C3D8D46C0C4}"
EndProject
Project("{FAE04EC0-301F-11D3-BF4B-00C04F79EFBC}") = "UMLToCode", "UMLToCode\UMLToCode.csproj", "{35356E5A-926C-42C8-8171-299EAA66A5D2}"
EndProject
Project("{FAE04EC0-301F-11D3-BF4B-00C04F79EFBC}") = "UMLToCodeTest", "UMLToCodeTest\UMLToCodeTest.csproj", "{C24295D6-452D-47F9-8814-5323F4F7B0E5}"
EndProject
Project("{FAE04EC0-301F-11D3-BF4B-00C04F79EFBC}") = "MaximumSubarray", "MaximumSubarray\MaximumSubarray.csproj", "{8B602F3F-B949-41BD-BD6F-B4E489AF39B2}"
EndProject
Project("{FAE04EC0-301F-11D3-BF4B-00C04F79EFBC}") = "MaximumSubarrayTest", "MaximumSubarrayTest\MaximumSubarrayTest.csproj", "{B9B509AF-65EF-43AC-81F8-FE301A91DD4A}"
EndProject
Project("{FAE04EC0-301F-11D3-BF4B-00C04F79EFBC}") = "Boersenkurse", "Boersenkurse\Boersenkurse.csproj", "{B8CEB9F4-551F-4FED-9EAB-B6F4EBD23E6E}"
EndProject
Project("{FAE04EC0-301F-11D3-BF4B-00C04F79EFBC}") = "BoersenkurseTest", "BoersenkurseTest\BoersenkurseTest.csproj", "{FC0B70E2-4C6C-41C9-B2B5-A129905B8A8B}"
EndProject
Global
	GlobalSection(SolutionConfigurationPlatforms) = preSolution
		Debug|Any CPU = Debug|Any CPU
		Release|Any CPU = Release|Any CPU
	EndGlobalSection
	GlobalSection(ProjectConfigurationPlatforms) = postSolution
		{E8AFC438-CA63-E7F4-3324-1A03DE7513C3}.Debug|Any CPU.ActiveCfg = Debug|Any CPU
		{E8AFC438-CA63-E7F4-3324-1A03DE7513C3}.Debug|Any CPU.Build.0 = Debug|Any CPU
		{E8AFC438-CA63-E7F4-3324-1A03DE7513C3}.Release|Any CPU.ActiveCfg = Release|Any CPU
		{E8AFC438-CA63-E7F4-3324-1A03DE7513C3}.Release|Any CPU.Build.0 = Release|Any CPU
		{D98BB0FE-B889-C3E5-83EF-DC1AD0D26795}.Debug|Any CPU.ActiveCfg = Debug|Any CPU
		{D98BB0FE-B889-C3E5-83EF-DC1AD0D26795}.Debug|Any CPU.Build.0 = Debug|Any CPU
		{D98BB0FE-B889-C3E5-83EF-DC1AD0D26795}.Release|Any CPU.ActiveCfg = Release|Any CPU
		{D98BB0FE-B889-C3E5-83EF-DC1AD0D26795}.Release|Any CPU.Build.0 = Release|Any CPU
		{51E16C9C-3321-B18E-D40F-4DBFBD897E0E}.Debug|Any CPU.ActiveCfg = Debug|Any CPU
		{51E16C9C-3321-B18E-D40F-4DBFBD897E0E}.Debug|Any CPU.Build.0 = Debug|Any CPU
		{51E16C9C-3321-B18E-D40F-4DBFBD897E0E}.Release|Any CPU.ActiveCfg = Release|Any CPU
		{51E16C9C-3321-B18E-D40F-4DBFBD897E0E}.Release|Any CPU.Build.0 = Release|Any CPU
		{70DFB680-A747-5826-9F5F-A32811F64E6D}.Debug|Any CPU.ActiveCfg = Debug|Any CPU
		{70DFB680-A747-5826-9F5F-A32811F64E6D}.Debug|Any CPU.Build.0 = Debug|Any CPU
		{70DFB680-A747-5826-9F5F-A32811F64E6D}.Release|Any CPU.ActiveCfg = Release|Any CPU
		{70DFB680-A747-5826-9F5F-A32811F64E6D}.Release|Any CPU.Build.0 = Release|Any CPU
		{3C3F266B-ACE9-240E-E065-4734B99E6B2B}.Debug|Any CPU.ActiveCfg = Debug|Any CPU
		{3C3F266B-ACE9-240E-E065-4734B99E6B2B}.Debug|Any CPU.Build.0 = Debug|Any CPU
		{3C3F266B-ACE9-240E-E065-4734B99E6B2B}.Release|Any CPU.ActiveCfg = Release|Any CPU
		{3C3F266B-ACE9-240E-E065-4734B99E6B2B}.Release|Any CPU.Build.0 = Release|Any CPU
		{F12B4C9A-468F-A39B-AD25-C037BB481E62}.Debug|Any CPU.ActiveCfg = Debug|Any CPU
		{F12B4C9A-468F-A39B-AD25-C037BB481E62}.Debug|Any CPU.Build.0 = Debug|Any CPU
		{F12B4C9A-468F-A39B-AD25-C037BB481E62}.Release|Any CPU.ActiveCfg = Release|Any CPU
		{F12B4C9A-468F-A39B-AD25-C037BB481E62}.Release|Any CPU.Build.0 = Release|Any CPU
		{6A34CA9C-FAC6-4390-9BDF-F1CA9E5A25FE}.Debug|Any CPU.ActiveCfg = Debug|Any CPU
		{6A34CA9C-FAC6-4390-9BDF-F1CA9E5A25FE}.Debug|Any CPU.Build.0 = Debug|Any CPU
		{6A34CA9C-FAC6-4390-9BDF-F1CA9E5A25FE}.Release|Any CPU.ActiveCfg = Release|Any CPU
		{6A34CA9C-FAC6-4390-9BDF-F1CA9E5A25FE}.Release|Any CPU.Build.0 = Release|Any CPU
		{FC2E816B-46A9-495D-AEED-3C3D8D46C0C4}.Debug|Any CPU.ActiveCfg = Debug|Any CPU
		{FC2E816B-46A9-495D-AEED-3C3D8D46C0C4}.Debug|Any CPU.Build.0 = Debug|Any CPU
		{FC2E816B-46A9-495D-AEED-3C3D8D46C0C4}.Release|Any CPU.ActiveCfg = Release|Any CPU
		{FC2E816B-46A9-495D-AEED-3C3D8D46C0C4}.Release|Any CPU.Build.0 = Release|Any CPU
		{35356E5A-926C-42C8-8171-299EAA66A5D2}.Debug|Any CPU.ActiveCfg = Debug|Any CPU
		{35356E5A-926C-42C8-8171-299EAA66A5D2}.Debug|Any CPU.Build.0 = Debug|Any CPU
		{35356E5A-926C-42C8-8171-299EAA66A5D2}.Release|Any CPU.ActiveCfg = Release|Any CPU
		{35356E5A-926C-42C8-8171-299EAA66A5D2}.Release|Any CPU.Build.0 = Release|Any CPU
		{C24295D6-452D-47F9-8814-5323F4F7B0E5}.Debug|Any CPU.ActiveCfg = Debug|Any CPU
		{C24295D6-452D-47F9-8814-5323F4F7B0E5}.Debug|Any CPU.Build.0 = Debug|Any CPU
		{C24295D6-452D-47F9-8814-5323F4F7B0E5}.Release|Any CPU.ActiveCfg = Release|Any CPU
		{C24295D6-452D-47F9-8814-5323F4F7B0E5}.Release|Any CPU.Build.0 = Release|Any CPU
		{8B602F3F-B949-41BD-BD6F-B4E489AF39B2}.Debug|Any CPU.ActiveCfg = Debug|Any CPU
		{8B602F3F-B949-41BD-BD6F-B4E489AF39B2}.Debug|Any CPU.Build.0 = Debug|Any CPU
		{8B602F3F-B949-41BD-BD6F-B4E489AF39B2}.Release|Any CPU.ActiveCfg = Release|Any CPU
		{8B602F3F-B949-41BD-BD6F-B4E489AF39B2}.Release|Any CPU.Build.0 = Release|Any CPU
		{B9B509AF-65EF-43AC-81F8-FE301A91DD4A}.Debug|Any CPU.ActiveCfg = Debug|Any CPU
		{B9B509AF-65EF-43AC-81F8-FE301A91DD4A}.Debug|Any CPU.Build.0 = Debug|Any CPU
		{B9B509AF-65EF-43AC-81F8-FE301A91DD4A}.Release|Any CPU.ActiveCfg = Release|Any CPU
		{B9B509AF-65EF-43AC-81F8-FE301A91DD4A}.Release|Any CPU.Build.0 = Release|Any CPU
		{B8CEB9F4-551F-4FED-9EAB-B6F4EBD23E6E}.Debug|Any CPU.ActiveCfg = Debug|Any CPU
		{B8CEB9F4-551F-4FED-9EAB-B6F4EBD23E6E}.Debug|Any CPU.Build.0 = Debug|Any CPU
		{B8CEB9F4-551F-4FED-9EAB-B6F4EBD23E6E}.Release|Any CPU.ActiveCfg = Release|Any CPU
		{B8CEB9F4-551F-4FED-9EAB-B6F4EBD23E6E}.Release|Any CPU.Build.0 = Release|Any CPU
		{FC0B70E2-4C6C-41C9-B2B5-A129905B8A8B}.Debug|Any CPU.ActiveCfg = Debug|Any CPU
		{FC0B70E2-4C6C-41C9-B2B5-A129905B8A8B}.Debug|Any CPU.Build.0 = Debug|Any CPU
		{FC0B70E2-4C6C-41C9-B2B5-A129905B8A8B}.Release|Any CPU.ActiveCfg = Release|Any CPU
		{FC0B70E2-4C6C-41C9-B2B5-A129905B8A8B}.Release|Any CPU.Build.0 = Release|Any CPU
	EndGlobalSection
	GlobalSection(SolutionProperties) = preSolution
		HideSolutionNode = FALSE
	EndGlobalSection
	GlobalSection(ExtensibilityGlobals) = postSolution
		SolutionGuid = {151F4682-6B24-4347-B041-FD7FDE4F8DC9}
	EndGlobalSection
EndGlobal
